
Microsoft Visual Studio Solution File, Format Version 12.00
# Visual Studio Version 17
VisualStudioVersion = 17.1.32210.238
MinimumVisualStudioVersion = 10.0.40219.1
Project("{FAE04EC0-301F-11D3-BF4B-00C04F79EFBC}") = "BusinessLayer", "BusinessLayer\BusinessLayer.csproj", "{4962BC91-AF72-423D-B949-155653479D19}"
EndProject
Project("{FAE04EC0-301F-11D3-BF4B-00C04F79EFBC}") = "DataLayer", "DataLayer\DataLayer.csproj", "{7AC27ECE-35BF-4E75-9E24-B2BDCBD71568}"
EndProject
Project("{FAE04EC0-301F-11D3-BF4B-00C04F79EFBC}") = "TestingLayer", "TestingLayer\TestingLayer.csproj", "{6B0556CD-82C0-42CF-8681-A28FB0065654}"
EndProject
Global
	GlobalSection(SolutionConfigurationPlatforms) = preSolution
		Debug|Any CPU = Debug|Any CPU
		Release|Any CPU = Release|Any CPU
	EndGlobalSection
	GlobalSection(ProjectConfigurationPlatforms) = postSolution
		{4962BC91-AF72-423D-B949-155653479D19}.Debug|Any CPU.ActiveCfg = Debug|Any CPU
		{4962BC91-AF72-423D-B949-155653479D19}.Debug|Any CPU.Build.0 = Debug|Any CPU
		{4962BC91-AF72-423D-B949-155653479D19}.Release|Any CPU.ActiveCfg = Release|Any CPU
		{4962BC91-AF72-423D-B949-155653479D19}.Release|Any CPU.Build.0 = Release|Any CPU
		{7AC27ECE-35BF-4E75-9E24-B2BDCBD71568}.Debug|Any CPU.ActiveCfg = Debug|Any CPU
		{7AC27ECE-35BF-4E75-9E24-B2BDCBD71568}.Debug|Any CPU.Build.0 = Debug|Any CPU
		{7AC27ECE-35BF-4E75-9E24-B2BDCBD71568}.Release|Any CPU.ActiveCfg = Release|Any CPU
		{7AC27ECE-35BF-4E75-9E24-B2BDCBD71568}.Release|Any CPU.Build.0 = Release|Any CPU
		{6B0556CD-82C0-42CF-8681-A28FB0065654}.Debug|Any CPU.ActiveCfg = Debug|Any CPU
		{6B0556CD-82C0-42CF-8681-A28FB0065654}.Debug|Any CPU.Build.0 = Debug|Any CPU
		{6B0556CD-82C0-42CF-8681-A28FB0065654}.Release|Any CPU.ActiveCfg = Release|Any CPU
		{6B0556CD-82C0-42CF-8681-A28FB0065654}.Release|Any CPU.Build.0 = Release|Any CPU
	EndGlobalSection
	GlobalSection(SolutionProperties) = preSolution
		HideSolutionNode = FALSE
	EndGlobalSection
	GlobalSection(ExtensibilityGlobals) = postSolution
		SolutionGuid = {33B794F2-DA31-4FD4-B178-8E0BD70E8665}
	EndGlobalSection
EndGlobal
